
Microsoft Visual Studio Solution File, Format Version 12.00
# Visual Studio Version 16
VisualStudioVersion = 16.6.30114.105
MinimumVisualStudioVersion = 10.0.40219.1
Project("{9A19103F-16F7-4668-BE54-9A1E7A4F7556}") = "SportifyWebApi", "SportifyWebApi\SportifyWebApi.csproj", "{13247368-AE64-4F31-97A8-253D1C6BD11C}"
EndProject
Project("{9A19103F-16F7-4668-BE54-9A1E7A4F7556}") = "DomainEntities", "DomainEntitites\DomainEntities.csproj", "{6D447451-D703-4210-8E4A-A037C5ABFA65}"
EndProject
Project("{9A19103F-16F7-4668-BE54-9A1E7A4F7556}") = "DataServices", "DataServices\DataServices.csproj", "{F94399E7-2989-48EE-9668-B2E591C1377A}"
EndProject
Project("{9A19103F-16F7-4668-BE54-9A1E7A4F7556}") = "BusinessLogic", "BusinessLogic\BusinessLogic.csproj", "{853DBA88-8C62-4066-8B46-86EDA4D32BD5}"
EndProject
Project("{2150E333-8FDC-42A3-9474-1A3956D46DE8}") = "Solution Items", "Solution Items", "{3103A156-50EE-496D-9DB9-EDDF79A09B3E}"
	ProjectSection(SolutionItems) = preProject
		.editorconfig = .editorconfig
	EndProjectSection
EndProject
Global
	GlobalSection(SolutionConfigurationPlatforms) = preSolution
		Debug|Any CPU = Debug|Any CPU
		Debug|x64 = Debug|x64
		Debug|x86 = Debug|x86
		Release|Any CPU = Release|Any CPU
		Release|x64 = Release|x64
		Release|x86 = Release|x86
	EndGlobalSection
	GlobalSection(ProjectConfigurationPlatforms) = postSolution
		{13247368-AE64-4F31-97A8-253D1C6BD11C}.Debug|Any CPU.ActiveCfg = Debug|Any CPU
		{13247368-AE64-4F31-97A8-253D1C6BD11C}.Debug|Any CPU.Build.0 = Debug|Any CPU
		{13247368-AE64-4F31-97A8-253D1C6BD11C}.Debug|x64.ActiveCfg = Debug|Any CPU
		{13247368-AE64-4F31-97A8-253D1C6BD11C}.Debug|x64.Build.0 = Debug|Any CPU
		{13247368-AE64-4F31-97A8-253D1C6BD11C}.Debug|x86.ActiveCfg = Debug|Any CPU
		{13247368-AE64-4F31-97A8-253D1C6BD11C}.Debug|x86.Build.0 = Debug|Any CPU
		{13247368-AE64-4F31-97A8-253D1C6BD11C}.Release|Any CPU.ActiveCfg = Release|Any CPU
		{13247368-AE64-4F31-97A8-253D1C6BD11C}.Release|Any CPU.Build.0 = Release|Any CPU
		{13247368-AE64-4F31-97A8-253D1C6BD11C}.Release|x64.ActiveCfg = Release|Any CPU
		{13247368-AE64-4F31-97A8-253D1C6BD11C}.Release|x64.Build.0 = Release|Any CPU
		{13247368-AE64-4F31-97A8-253D1C6BD11C}.Release|x86.ActiveCfg = Release|Any CPU
		{13247368-AE64-4F31-97A8-253D1C6BD11C}.Release|x86.Build.0 = Release|Any CPU
		{6D447451-D703-4210-8E4A-A037C5ABFA65}.Debug|Any CPU.ActiveCfg = Debug|Any CPU
		{6D447451-D703-4210-8E4A-A037C5ABFA65}.Debug|Any CPU.Build.0 = Debug|Any CPU
		{6D447451-D703-4210-8E4A-A037C5ABFA65}.Debug|x64.ActiveCfg = Debug|Any CPU
		{6D447451-D703-4210-8E4A-A037C5ABFA65}.Debug|x64.Build.0 = Debug|Any CPU
		{6D447451-D703-4210-8E4A-A037C5ABFA65}.Debug|x86.ActiveCfg = Debug|Any CPU
		{6D447451-D703-4210-8E4A-A037C5ABFA65}.Debug|x86.Build.0 = Debug|Any CPU
		{6D447451-D703-4210-8E4A-A037C5ABFA65}.Release|Any CPU.ActiveCfg = Release|Any CPU
		{6D447451-D703-4210-8E4A-A037C5ABFA65}.Release|Any CPU.Build.0 = Release|Any CPU
		{6D447451-D703-4210-8E4A-A037C5ABFA65}.Release|x64.ActiveCfg = Release|Any CPU
		{6D447451-D703-4210-8E4A-A037C5ABFA65}.Release|x64.Build.0 = Release|Any CPU
		{6D447451-D703-4210-8E4A-A037C5ABFA65}.Release|x86.ActiveCfg = Release|Any CPU
		{6D447451-D703-4210-8E4A-A037C5ABFA65}.Release|x86.Build.0 = Release|Any CPU
		{F94399E7-2989-48EE-9668-B2E591C1377A}.Debug|Any CPU.ActiveCfg = Debug|Any CPU
		{F94399E7-2989-48EE-9668-B2E591C1377A}.Debug|Any CPU.Build.0 = Debug|Any CPU
		{F94399E7-2989-48EE-9668-B2E591C1377A}.Debug|x64.ActiveCfg = Debug|Any CPU
		{F94399E7-2989-48EE-9668-B2E591C1377A}.Debug|x64.Build.0 = Debug|Any CPU
		{F94399E7-2989-48EE-9668-B2E591C1377A}.Debug|x86.ActiveCfg = Debug|Any CPU
		{F94399E7-2989-48EE-9668-B2E591C1377A}.Debug|x86.Build.0 = Debug|Any CPU
		{F94399E7-2989-48EE-9668-B2E591C1377A}.Release|Any CPU.ActiveCfg = Release|Any CPU
		{F94399E7-2989-48EE-9668-B2E591C1377A}.Release|Any CPU.Build.0 = Release|Any CPU
		{F94399E7-2989-48EE-9668-B2E591C1377A}.Release|x64.ActiveCfg = Release|Any CPU
		{F94399E7-2989-48EE-9668-B2E591C1377A}.Release|x64.Build.0 = Release|Any CPU
		{F94399E7-2989-48EE-9668-B2E591C1377A}.Release|x86.ActiveCfg = Release|Any CPU
		{F94399E7-2989-48EE-9668-B2E591C1377A}.Release|x86.Build.0 = Release|Any CPU
		{853DBA88-8C62-4066-8B46-86EDA4D32BD5}.Debug|Any CPU.ActiveCfg = Debug|Any CPU
		{853DBA88-8C62-4066-8B46-86EDA4D32BD5}.Debug|Any CPU.Build.0 = Debug|Any CPU
		{853DBA88-8C62-4066-8B46-86EDA4D32BD5}.Debug|x64.ActiveCfg = Debug|Any CPU
		{853DBA88-8C62-4066-8B46-86EDA4D32BD5}.Debug|x64.Build.0 = Debug|Any CPU
		{853DBA88-8C62-4066-8B46-86EDA4D32BD5}.Debug|x86.ActiveCfg = Debug|Any CPU
		{853DBA88-8C62-4066-8B46-86EDA4D32BD5}.Debug|x86.Build.0 = Debug|Any CPU
		{853DBA88-8C62-4066-8B46-86EDA4D32BD5}.Release|Any CPU.ActiveCfg = Release|Any CPU
		{853DBA88-8C62-4066-8B46-86EDA4D32BD5}.Release|Any CPU.Build.0 = Release|Any CPU
		{853DBA88-8C62-4066-8B46-86EDA4D32BD5}.Release|x64.ActiveCfg = Release|Any CPU
		{853DBA88-8C62-4066-8B46-86EDA4D32BD5}.Release|x64.Build.0 = Release|Any CPU
		{853DBA88-8C62-4066-8B46-86EDA4D32BD5}.Release|x86.ActiveCfg = Release|Any CPU
		{853DBA88-8C62-4066-8B46-86EDA4D32BD5}.Release|x86.Build.0 = Release|Any CPU
	EndGlobalSection
	GlobalSection(SolutionProperties) = preSolution
		HideSolutionNode = FALSE
	EndGlobalSection
	GlobalSection(ExtensibilityGlobals) = postSolution
		SolutionGuid = {C200A6AB-FF86-4790-A917-54299E286E86}
	EndGlobalSection
EndGlobal
